
Microsoft Visual Studio Solution File, Format Version 12.00
# Visual Studio Version 17
VisualStudioVersion = 17.8.34316.72
MinimumVisualStudioVersion = 10.0.40219.1
Project("{FAE04EC0-301F-11D3-BF4B-00C04F79EFBC}") = "EmployeeSystemDeliverable", "EmployeeSystemDeliverable\EmployeeSystemDeliverable.csproj", "{38AFA48D-52D6-4ECC-BE2A-F436B7CF42CC}"
EndProject
Global
	GlobalSection(SolutionConfigurationPlatforms) = preSolution
		Debug|Any CPU = Debug|Any CPU
		Release|Any CPU = Release|Any CPU
	EndGlobalSection
	GlobalSection(ProjectConfigurationPlatforms) = postSolution
		{38AFA48D-52D6-4ECC-BE2A-F436B7CF42CC}.Debug|Any CPU.ActiveCfg = Debug|Any CPU
		{38AFA48D-52D6-4ECC-BE2A-F436B7CF42CC}.Debug|Any CPU.Build.0 = Debug|Any CPU
		{38AFA48D-52D6-4ECC-BE2A-F436B7CF42CC}.Release|Any CPU.ActiveCfg = Release|Any CPU
		{38AFA48D-52D6-4ECC-BE2A-F436B7CF42CC}.Release|Any CPU.Build.0 = Release|Any CPU
	EndGlobalSection
	GlobalSection(SolutionProperties) = preSolution
		HideSolutionNode = FALSE
	EndGlobalSection
	GlobalSection(ExtensibilityGlobals) = postSolution
		SolutionGuid = {78E46F7C-EA85-4CFD-991E-27D44D1F1812}
	EndGlobalSection
EndGlobal
